// !$*UTF8*$!
{
	archiveVersion = 1;
	classes = {
	};
	objectVersion = 50;
	objects = {

/* Begin PBXBuildFile section */
		DC70765924EB8BCD00246D5A /* AppDelegate.swift in Sources */ = {isa = PBXBuildFile; fileRef = DC70765824EB8BCD00246D5A /* AppDelegate.swift */; };
		DC70765B24EB8BCD00246D5A /* SceneDelegate.swift in Sources */ = {isa = PBXBuildFile; fileRef = DC70765A24EB8BCD00246D5A /* SceneDelegate.swift */; };
		DC70765D24EB8BCD00246D5A /* ViewController.swift in Sources */ = {isa = PBXBuildFile; fileRef = DC70765C24EB8BCD00246D5A /* ViewController.swift */; };
		DC70766024EB8BCD00246D5A /* Main.storyboard in Resources */ = {isa = PBXBuildFile; fileRef = DC70765E24EB8BCD00246D5A /* Main.storyboard */; };
		DC70766224EB8BCE00246D5A /* Assets.xcassets in Resources */ = {isa = PBXBuildFile; fileRef = DC70766124EB8BCE00246D5A /* Assets.xcassets */; };
		DC70766524EB8BCE00246D5A /* LaunchScreen.storyboard in Resources */ = {isa = PBXBuildFile; fileRef = DC70766324EB8BCE00246D5A /* LaunchScreen.storyboard */; };
/* End PBXBuildFile section */

/* Begin PBXFileReference section */
		DC70765524EB8BCD00246D5A /* SwitchCustomExample.app */ = {isa = PBXFileReference; explicitFileType = wrapper.application; includeInIndex = 0; path = SwitchCustomExample.app; sourceTree = BUILT_PRODUCTS_DIR; };
		DC70765824EB8BCD00246D5A /* AppDelegate.swift */ = {isa = PBXFileReference; lastKnownFileType = sourcecode.swift; path = AppDelegate.swift; sourceTree = "<group>"; };
		DC70765A24EB8BCD00246D5A /* SceneDelegate.swift */ = {isa = PBXFileReference; lastKnownFileType = sourcecode.swift; path = SceneDelegate.swift; sourceTree = "<group>"; };
		DC70765C24EB8BCD00246D5A /* ViewController.swift */ = {isa = PBXFileReference; lastKnownFileType = sourcecode.swift; path = ViewController.swift; sourceTree = "<group>"; };
		DC70765F24EB8BCD00246D5A /* Base */ = {isa = PBXFileReference; lastKnownFileType = file.storyboard; name = Base; path = Base.lproj/Main.storyboard; sourceTree = "<group>"; };
		DC70766124EB8BCE00246D5A /* Assets.xcassets */ = {isa = PBXFileReference; lastKnownFileType = folder.assetcatalog; path = Assets.xcassets; sourceTree = "<group>"; };
		DC70766424EB8BCE00246D5A /* Base */ = {isa = PBXFileReference; lastKnownFileType = file.storyboard; name = Base; path = Base.lproj/LaunchScreen.storyboard; sourceTree = "<group>"; };
		DC70766624EB8BCE00246D5A /* Info.plist */ = {isa = PBXFileReference; lastKnownFileType = text.plist.xml; path = Info.plist; sourceTree = "<group>"; };
/* End PBXFileReference section */

/* Begin PBXFrameworksBuildPhase section */
		DC70765224EB8BCD00246D5A /* Frameworks */ = {
			isa = PBXFrameworksBuildPhase;
			buildActionMask = 2147483647;
			files = (
			);
			runOnlyForDeploymentPostprocessing = 0;
		};
/* End PBXFrameworksBuildPhase section */

/* Begin PBXGroup section */
		DC70764C24EB8BCD00246D5A = {
			isa = PBXGroup;
			children = (
				DC70765724EB8BCD00246D5A /* SwitchCustomExample */,
				DC70765624EB8BCD00246D5A /* Products */,
			);
			sourceTree = "<group>";
		};
		DC70765624EB8BCD00246D5A /* Products */ = {
			isa = PBXGroup;
			children = (
				DC70765524EB8BCD00246D5A /* SwitchCustomExample.app */,
			);
			name = Products;
			sourceTree = "<group>";
		};
		DC70765724EB8BCD00246D5A /* SwitchCustomExample */ = {
			isa = PBXGroup;
			children = (
				DC70765824EB8BCD00246D5A /* AppDelegate.swift */,
				DC70765A24EB8BCD00246D5A /* SceneDelegate.swift */,
				DC70765C24EB8BCD00246D5A /* ViewController.swift */,
				DC70765E24EB8BCD00246D5A /* Main.storyboard */,
				DC70766124EB8BCE00246D5A /* Assets.xcassets */,
				DC70766324EB8BCE00246D5A /* LaunchScreen.storyboard */,
				DC70766624EB8BCE00246D5A /* Info.plist */,
			);
			path = SwitchCustomExample;
			sourceTree = "<group>";
		};
/* End PBXGroup section */

/* Begin PBXNativeTarget section */
		DC70765424EB8BCD00246D5A /* SwitchCustomExample */ = {
			isa = PBXNativeTarget;
			buildConfigurationList = DC70766924EB8BCE00246D5A /* Build configuration list for PBXNativeTarget "SwitchCustomExample" */;
			buildPhases = (
				DC70765124EB8BCD00246D5A /* Sources */,
				DC70765224EB8BCD00246D5A /* Frameworks */,
				DC70765324EB8BCD00246D5A /* Resources */,
			);
			buildRules = (
			);
			dependencies = (
			);
			name = SwitchCustomExample;
			productName = SwitchCustomExample;
			productReference = DC70765524EB8BCD00246D5A /* SwitchCustomExample.app */;
			productType = "com.apple.product-type.application";
		};
/* End PBXNativeTarget section */

/* Begin PBXProject section */
		DC70764D24EB8BCD00246D5A /* Project object */ = {
			isa = PBXProject;
			attributes = {
				LastSwiftUpdateCheck = 1160;
				LastUpgradeCheck = 1160;
				ORGANIZATIONNAME = allabout;
				TargetAttributes = {
					DC70765424EB8BCD00246D5A = {
						CreatedOnToolsVersion = 11.6;
					};
				};
			};
			buildConfigurationList = DC70765024EB8BCD00246D5A /* Build configuration list for PBXProject "SwitchCustomExample" */;
			compatibilityVersion = "Xcode 9.3";
			developmentRegion = en;
			hasScannedForEncodings = 0;
			knownRegions = (
				en,
				Base,
			);
			mainGroup = DC70764C24EB8BCD00246D5A;
			productRefGroup = DC70765624EB8BCD00246D5A /* Products */;
			projectDirPath = "";
			projectRoot = "";
			targets = (
				DC70765424EB8BCD00246D5A /* SwitchCustomExample */,
			);
		};
/* End PBXProject section */

/* Begin PBXResourcesBuildPhase section */
		DC70765324EB8BCD00246D5A /* Resources */ = {
			isa = PBXResourcesBuildPhase;
			buildActionMask = 2147483647;
			files = (
				DC70766524EB8BCE00246D5A /* LaunchScreen.storyboard in Resources */,
				DC70766224EB8BCE00246D5A /* Assets.xcassets in Resources */,
				DC70766024EB8BCD00246D5A /* Main.storyboard in Resources */,
			);
			runOnlyForDeploymentPostprocessing = 0;
		};
/* End PBXResourcesBuildPhase section */

/* Begin PBXSourcesBuildPhase section */
		DC70765124EB8BCD00246D5A /* Sources */ = {
			isa = PBXSourcesBuildPhase;
			buildActionMask = 2147483647;
			files = (
				DC70765D24EB8BCD00246D5A /* ViewController.swift in Sources */,
				DC70765924EB8BCD00246D5A /* AppDelegate.swift in Sources */,
				DC70765B24EB8BCD00246D5A /* SceneDelegate.swift in Sources */,
			);
			runOnlyForDeploymentPostprocessing = 0;
		};
/* End PBXSourcesBuildPhase section */

/* Begin PBXVariantGroup section */
		DC70765E24EB8BCD00246D5A /* Main.storyboard */ = {
			isa = PBXVariantGroup;
			children = (
				DC70765F24EB8BCD00246D5A /* Base */,
			);
			name = Main.storyboard;
			sourceTree = "<group>";
		};
		DC70766324EB8BCE00246D5A /* LaunchScreen.storyboard */ = {
			isa = PBXVariantGroup;
			children = (
				DC70766424EB8BCE00246D5A /* Base */,
			);
			name = LaunchScreen.storyboard;
			sourceTree = "<group>";
		};
/* End PBXVariantGroup section */

/* Begin XCBuildConfiguration section */
		DC70766724EB8BCE00246D5A /* Debug */ = {
			isa = XCBuildConfiguration;
			buildSettings = {
				ALWAYS_SEARCH_USER_PATHS = NO;
				CLANG_ANALYZER_NONNULL = YES;
				CLANG_ANALYZER_NUMBER_OBJECT_CONVERSION = YES_AGGRESSIVE;
				CLANG_CXX_LANGUAGE_STANDARD = "gnu++14";
				CLANG_CXX_LIBRARY = "libc++";
				CLANG_ENABLE_MODULES = YES;
				CLANG_ENABLE_OBJC_ARC = YES;
				CLANG_ENABLE_OBJC_WEAK = YES;
				CLANG_WARN_BLOCK_CAPTURE_AUTORELEASING = YES;
				CLANG_WARN_BOOL_CONVERSION = YES;
				CLANG_WARN_COMMA = YES;
				CLANG_WARN_CONSTANT_CONVERSION = YES;
				CLANG_WARN_DEPRECATED_OBJC_IMPLEMENTATIONS = YES;
				CLANG_WARN_DIRECT_OBJC_ISA_USAGE = YES_ERROR;
				CLANG_WARN_DOCUMENTATION_COMMENTS = YES;
				CLANG_WARN_EMPTY_BODY = YES;
				CLANG_WARN_ENUM_CONVERSION = YES;
				CLANG_WARN_INFINITE_RECURSION = YES;
				CLANG_WARN_INT_CONVERSION = YES;
				CLANG_WARN_NON_LITERAL_NULL_CONVERSION = YES;
				CLANG_WARN_OBJC_IMPLICIT_RETAIN_SELF = YES;
				CLANG_WARN_OBJC_LITERAL_CONVERSION = YES;
				CLANG_WARN_OBJC_ROOT_CLASS = YES_ERROR;
				CLANG_WARN_RANGE_LOOP_ANALYSIS = YES;
				CLANG_WARN_STRICT_PROTOTYPES = YES;
				CLANG_WARN_SUSPICIOUS_MOVE = YES;
				CLANG_WARN_UNGUARDED_AVAILABILITY = YES_AGGRESSIVE;
				CLANG_WARN_UNREACHABLE_CODE = YES;
				CLANG_WARN__DUPLICATE_METHOD_MATCH = YES;
				COPY_PHASE_STRIP = NO;
				DEBUG_INFORMATION_FORMAT = dwarf;
				ENABLE_STRICT_OBJC_MSGSEND = YES;
				ENABLE_TESTABILITY = YES;
				GCC_C_LANGUAGE_STANDARD = gnu11;
				GCC_DYNAMIC_NO_PIC = NO;
				GCC_NO_COMMON_BLOCKS = YES;
				GCC_OPTIMIZATION_LEVEL = 0;
				GCC_PREPROCESSOR_DEFINITIONS = (
					"DEBUG=1",
					"$(inherited)",
				);
				GCC_WARN_64_TO_32_BIT_CONVERSION = YES;
				GCC_WARN_ABOUT_RETURN_TYPE = YES_ERROR;
				GCC_WARN_UNDECLARED_SELECTOR = YES;
				GCC_WARN_UNINITIALIZED_AUTOS = YES_AGGRESSIVE;
				GCC_WARN_UNUSED_FUNCTION = YES;
				GCC_WARN_UNUSED_VARIABLE = YES;
				IPHONEOS_DEPLOYMENT_TARGET = 13.6;
				MTL_ENABLE_DEBUG_INFO = INCLUDE_SOURCE;
				MTL_FAST_MATH = YES;
				ONLY_ACTIVE_ARCH = YES;
				SDKROOT = iphoneos;
				SWIFT_ACTIVE_COMPILATION_CONDITIONS = DEBUG;
				SWIFT_OPTIMIZATION_LEVEL = "-Onone";
			};
			name = Debug;
		};
		DC70766824EB8BCE00246D5A /* Release */ = {
			isa = XCBuildConfiguration;
			buildSettings = {
				ALWAYS_SEARCH_USER_PATHS = NO;
				CLANG_ANALYZER_NONNULL = YES;
				CLANG_ANALYZER_NUMBER_OBJECT_CONVERSION = YES_AGGRESSIVE;
				CLANG_CXX_LANGUAGE_STANDARD = "gnu++14";
				CLANG_CXX_LIBRARY = "libc++";
				CLANG_ENABLE_MODULES = YES;
				CLANG_ENABLE_OBJC_ARC = YES;
				CLANG_ENABLE_OBJC_WEAK = YES;
				CLANG_WARN_BLOCK_CAPTURE_AUTORELEASING = YES;
				CLANG_WARN_BOOL_CONVERSION = YES;
				CLANG_WARN_COMMA = YES;
				CLANG_WARN_CONSTANT_CONVERSION = YES;
				CLANG_WARN_DEPRECATED_OBJC_IMPLEMENTATIONS = YES;
				CLANG_WARN_DIRECT_OBJC_ISA_USAGE = YES_ERROR;
				CLANG_WARN_DOCUMENTATION_COMMENTS = YES;
				CLANG_WARN_EMPTY_BODY = YES;
				CLANG_WARN_ENUM_CONVERSION = YES;
				CLANG_WARN_INFINITE_RECURSION = YES;
				CLANG_WARN_INT_CONVERSION = YES;
				CLANG_WARN_NON_LITERAL_NULL_CONVERSION = YES;
				CLANG_WARN_OBJC_IMPLICIT_RETAIN_SELF = YES;
				CLANG_WARN_OBJC_LITERAL_CONVERSION = YES;
				CLANG_WARN_OBJC_ROOT_CLASS = YES_ERROR;
				CLANG_WARN_RANGE_LOOP_ANALYSIS = YES;
				CLANG_WARN_STRICT_PROTOTYPES = YES;
				CLANG_WARN_SUSPICIOUS_MOVE = YES;
				CLANG_WARN_UNGUARDED_AVAILABILITY = YES_AGGRESSIVE;
				CLANG_WARN_UNREACHABLE_CODE = YES;
				CLANG_WARN__DUPLICATE_METHOD_MATCH = YES;
				COPY_PHASE_STRIP = NO;
				DEBUG_INFORMATION_FORMAT = "dwarf-with-dsym";
				ENABLE_NS_ASSERTIONS = NO;
				ENABLE_STRICT_OBJC_MSGSEND = YES;
				GCC_C_LANGUAGE_STANDARD = gnu11;
				GCC_NO_COMMON_BLOCKS = YES;
				GCC_WARN_64_TO_32_BIT_CONVERSION = YES;
				GCC_WARN_ABOUT_RETURN_TYPE = YES_ERROR;
				GCC_WARN_UNDECLARED_SELECTOR = YES;
				GCC_WARN_UNINITIALIZED_AUTOS = YES_AGGRESSIVE;
				GCC_WARN_UNUSED_FUNCTION = YES;
				GCC_WARN_UNUSED_VARIABLE = YES;
				IPHONEOS_DEPLOYMENT_TARGET = 13.6;
				MTL_ENABLE_DEBUG_INFO = NO;
				MTL_FAST_MATH = YES;
				SDKROOT = iphoneos;
				SWIFT_COMPILATION_MODE = wholemodule;
				SWIFT_OPTIMIZATION_LEVEL = "-O";
				VALIDATE_PRODUCT = YES;
			};
			name = Release;
		};
		DC70766A24EB8BCE00246D5A /* Debug */ = {
			isa = XCBuildConfiguration;
			buildSettings = {
				ASSETCATALOG_COMPILER_APPICON_NAME = AppIcon;
				CODE_SIGN_STYLE = Automatic;
				DEVELOPMENT_TEAM = 38YUUKPVKX;
				INFOPLIST_FILE = SwitchCustomExample/Info.plist;
				LD_RUNPATH_SEARCH_PATHS = (
					"$(inherited)",
					"@executable_path/Frameworks",
				);
				PRODUCT_BUNDLE_IDENTIFIER = kr.SwitchCustomExample.SwitchCustomExample;
				PRODUCT_NAME = "$(TARGET_NAME)";
				SWIFT_VERSION = 5.0;
				TARGETED_DEVICE_FAMILY = "1,2";
			};
			name = Debug;
		};
		DC70766B24EB8BCE00246D5A /* Release */ = {
			isa = XCBuildConfiguration;
			buildSettings = {
				ASSETCATALOG_COMPILER_APPICON_NAME = AppIcon;
				CODE_SIGN_STYLE = Automatic;
				DEVELOPMENT_TEAM = 38YUUKPVKX;
				INFOPLIST_FILE = SwitchCustomExample/Info.plist;
				LD_RUNPATH_SEARCH_PATHS = (
					"$(inherited)",
					"@executable_path/Frameworks",
				);
				PRODUCT_BUNDLE_IDENTIFIER = kr.SwitchCustomExample.SwitchCustomExample;
				PRODUCT_NAME = "$(TARGET_NAME)";
				SWIFT_VERSION = 5.0;
				TARGETED_DEVICE_FAMILY = "1,2";
			};
			name = Release;
		};
/* End XCBuildConfiguration section */

/* Begin XCConfigurationList section */
		DC70765024EB8BCD00246D5A /* Build configuration list for PBXProject "SwitchCustomExample" */ = {
			isa = XCConfigurationList;
			buildConfigurations = (
				DC70766724EB8BCE00246D5A /* Debug */,
				DC70766824EB8BCE00246D5A /* Release */,
			);
			defaultConfigurationIsVisible = 0;
			defaultConfigurationName = Release;
		};
		DC70766924EB8BCE00246D5A /* Build configuration list for PBXNativeTarget "SwitchCustomExample" */ = {
			isa = XCConfigurationList;
			buildConfigurations = (
				DC70766A24EB8BCE00246D5A /* Debug */,
				DC70766B24EB8BCE00246D5A /* Release */,
			);
			defaultConfigurationIsVisible = 0;
			defaultConfigurationName = Release;
		};
/* End XCConfigurationList section */
	};
	rootObject = DC70764D24EB8BCD00246D5A /* Project object */;
}
