// !$*UTF8*$!
{
	archiveVersion = 1;
	classes = {
	};
	objectVersion = 50;
	objects = {

/* Begin PBXBuildFile section */
		DC5F922F24EA44E0001EDA3E /* AppDelegate.swift in Sources */ = {isa = PBXBuildFile; fileRef = DC5F922E24EA44E0001EDA3E /* AppDelegate.swift */; };
		DC5F923124EA44E0001EDA3E /* SceneDelegate.swift in Sources */ = {isa = PBXBuildFile; fileRef = DC5F923024EA44E0001EDA3E /* SceneDelegate.swift */; };
		DC5F923324EA44E0001EDA3E /* ViewController.swift in Sources */ = {isa = PBXBuildFile; fileRef = DC5F923224EA44E0001EDA3E /* ViewController.swift */; };
		DC5F923624EA44E0001EDA3E /* Main.storyboard in Resources */ = {isa = PBXBuildFile; fileRef = DC5F923424EA44E0001EDA3E /* Main.storyboard */; };
		DC5F923824EA44E1001EDA3E /* Assets.xcassets in Resources */ = {isa = PBXBuildFile; fileRef = DC5F923724EA44E1001EDA3E /* Assets.xcassets */; };
		DC5F923B24EA44E1001EDA3E /* LaunchScreen.storyboard in Resources */ = {isa = PBXBuildFile; fileRef = DC5F923924EA44E1001EDA3E /* LaunchScreen.storyboard */; };
		DC5F924324EA45C0001EDA3E /* CustomKeyboard.swift in Sources */ = {isa = PBXBuildFile; fileRef = DC5F924224EA45C0001EDA3E /* CustomKeyboard.swift */; };
		DC5F924524EA4C4A001EDA3E /* CustomKeyboard.xib in Resources */ = {isa = PBXBuildFile; fileRef = DC5F924424EA4C4A001EDA3E /* CustomKeyboard.xib */; };
/* End PBXBuildFile section */

/* Begin PBXFileReference section */
		DC5F922B24EA44E0001EDA3E /* CustomKeyboardExample.app */ = {isa = PBXFileReference; explicitFileType = wrapper.application; includeInIndex = 0; path = CustomKeyboardExample.app; sourceTree = BUILT_PRODUCTS_DIR; };
		DC5F922E24EA44E0001EDA3E /* AppDelegate.swift */ = {isa = PBXFileReference; lastKnownFileType = sourcecode.swift; path = AppDelegate.swift; sourceTree = "<group>"; };
		DC5F923024EA44E0001EDA3E /* SceneDelegate.swift */ = {isa = PBXFileReference; lastKnownFileType = sourcecode.swift; path = SceneDelegate.swift; sourceTree = "<group>"; };
		DC5F923224EA44E0001EDA3E /* ViewController.swift */ = {isa = PBXFileReference; lastKnownFileType = sourcecode.swift; path = ViewController.swift; sourceTree = "<group>"; };
		DC5F923524EA44E0001EDA3E /* Base */ = {isa = PBXFileReference; lastKnownFileType = file.storyboard; name = Base; path = Base.lproj/Main.storyboard; sourceTree = "<group>"; };
		DC5F923724EA44E1001EDA3E /* Assets.xcassets */ = {isa = PBXFileReference; lastKnownFileType = folder.assetcatalog; path = Assets.xcassets; sourceTree = "<group>"; };
		DC5F923A24EA44E1001EDA3E /* Base */ = {isa = PBXFileReference; lastKnownFileType = file.storyboard; name = Base; path = Base.lproj/LaunchScreen.storyboard; sourceTree = "<group>"; };
		DC5F923C24EA44E1001EDA3E /* Info.plist */ = {isa = PBXFileReference; lastKnownFileType = text.plist.xml; path = Info.plist; sourceTree = "<group>"; };
		DC5F924224EA45C0001EDA3E /* CustomKeyboard.swift */ = {isa = PBXFileReference; lastKnownFileType = sourcecode.swift; path = CustomKeyboard.swift; sourceTree = "<group>"; };
		DC5F924424EA4C4A001EDA3E /* CustomKeyboard.xib */ = {isa = PBXFileReference; lastKnownFileType = file.xib; path = CustomKeyboard.xib; sourceTree = "<group>"; };
/* End PBXFileReference section */

/* Begin PBXFrameworksBuildPhase section */
		DC5F922824EA44E0001EDA3E /* Frameworks */ = {
			isa = PBXFrameworksBuildPhase;
			buildActionMask = 2147483647;
			files = (
			);
			runOnlyForDeploymentPostprocessing = 0;
		};
/* End PBXFrameworksBuildPhase section */

/* Begin PBXGroup section */
		DC5F922224EA44E0001EDA3E = {
			isa = PBXGroup;
			children = (
				DC5F922D24EA44E0001EDA3E /* CustomKeyboardExample */,
				DC5F922C24EA44E0001EDA3E /* Products */,
			);
			sourceTree = "<group>";
		};
		DC5F922C24EA44E0001EDA3E /* Products */ = {
			isa = PBXGroup;
			children = (
				DC5F922B24EA44E0001EDA3E /* CustomKeyboardExample.app */,
			);
			name = Products;
			sourceTree = "<group>";
		};
		DC5F922D24EA44E0001EDA3E /* CustomKeyboardExample */ = {
			isa = PBXGroup;
			children = (
				DC5F922E24EA44E0001EDA3E /* AppDelegate.swift */,
				DC5F923024EA44E0001EDA3E /* SceneDelegate.swift */,
				DC5F923224EA44E0001EDA3E /* ViewController.swift */,
				DC5F923424EA44E0001EDA3E /* Main.storyboard */,
				DC5F924224EA45C0001EDA3E /* CustomKeyboard.swift */,
				DC5F924424EA4C4A001EDA3E /* CustomKeyboard.xib */,
				DC5F923724EA44E1001EDA3E /* Assets.xcassets */,
				DC5F923924EA44E1001EDA3E /* LaunchScreen.storyboard */,
				DC5F923C24EA44E1001EDA3E /* Info.plist */,
			);
			path = CustomKeyboardExample;
			sourceTree = "<group>";
		};
/* End PBXGroup section */

/* Begin PBXNativeTarget section */
		DC5F922A24EA44E0001EDA3E /* CustomKeyboardExample */ = {
			isa = PBXNativeTarget;
			buildConfigurationList = DC5F923F24EA44E1001EDA3E /* Build configuration list for PBXNativeTarget "CustomKeyboardExample" */;
			buildPhases = (
				DC5F922724EA44E0001EDA3E /* Sources */,
				DC5F922824EA44E0001EDA3E /* Frameworks */,
				DC5F922924EA44E0001EDA3E /* Resources */,
			);
			buildRules = (
			);
			dependencies = (
			);
			name = CustomKeyboardExample;
			productName = CustomKeyboardExample;
			productReference = DC5F922B24EA44E0001EDA3E /* CustomKeyboardExample.app */;
			productType = "com.apple.product-type.application";
		};
/* End PBXNativeTarget section */

/* Begin PBXProject section */
		DC5F922324EA44E0001EDA3E /* Project object */ = {
			isa = PBXProject;
			attributes = {
				LastSwiftUpdateCheck = 1160;
				LastUpgradeCheck = 1160;
				ORGANIZATIONNAME = allabout;
				TargetAttributes = {
					DC5F922A24EA44E0001EDA3E = {
						CreatedOnToolsVersion = 11.6;
					};
				};
			};
			buildConfigurationList = DC5F922624EA44E0001EDA3E /* Build configuration list for PBXProject "CustomKeyboardExample" */;
			compatibilityVersion = "Xcode 9.3";
			developmentRegion = en;
			hasScannedForEncodings = 0;
			knownRegions = (
				en,
				Base,
			);
			mainGroup = DC5F922224EA44E0001EDA3E;
			productRefGroup = DC5F922C24EA44E0001EDA3E /* Products */;
			projectDirPath = "";
			projectRoot = "";
			targets = (
				DC5F922A24EA44E0001EDA3E /* CustomKeyboardExample */,
			);
		};
/* End PBXProject section */

/* Begin PBXResourcesBuildPhase section */
		DC5F922924EA44E0001EDA3E /* Resources */ = {
			isa = PBXResourcesBuildPhase;
			buildActionMask = 2147483647;
			files = (
				DC5F923B24EA44E1001EDA3E /* LaunchScreen.storyboard in Resources */,
				DC5F923824EA44E1001EDA3E /* Assets.xcassets in Resources */,
				DC5F923624EA44E0001EDA3E /* Main.storyboard in Resources */,
				DC5F924524EA4C4A001EDA3E /* CustomKeyboard.xib in Resources */,
			);
			runOnlyForDeploymentPostprocessing = 0;
		};
/* End PBXResourcesBuildPhase section */

/* Begin PBXSourcesBuildPhase section */
		DC5F922724EA44E0001EDA3E /* Sources */ = {
			isa = PBXSourcesBuildPhase;
			buildActionMask = 2147483647;
			files = (
				DC5F923324EA44E0001EDA3E /* ViewController.swift in Sources */,
				DC5F922F24EA44E0001EDA3E /* AppDelegate.swift in Sources */,
				DC5F923124EA44E0001EDA3E /* SceneDelegate.swift in Sources */,
				DC5F924324EA45C0001EDA3E /* CustomKeyboard.swift in Sources */,
			);
			runOnlyForDeploymentPostprocessing = 0;
		};
/* End PBXSourcesBuildPhase section */

/* Begin PBXVariantGroup section */
		DC5F923424EA44E0001EDA3E /* Main.storyboard */ = {
			isa = PBXVariantGroup;
			children = (
				DC5F923524EA44E0001EDA3E /* Base */,
			);
			name = Main.storyboard;
			sourceTree = "<group>";
		};
		DC5F923924EA44E1001EDA3E /* LaunchScreen.storyboard */ = {
			isa = PBXVariantGroup;
			children = (
				DC5F923A24EA44E1001EDA3E /* Base */,
			);
			name = LaunchScreen.storyboard;
			sourceTree = "<group>";
		};
/* End PBXVariantGroup section */

/* Begin XCBuildConfiguration section */
		DC5F923D24EA44E1001EDA3E /* Debug */ = {
			isa = XCBuildConfiguration;
			buildSettings = {
				ALWAYS_SEARCH_USER_PATHS = NO;
				CLANG_ANALYZER_NONNULL = YES;
				CLANG_ANALYZER_NUMBER_OBJECT_CONVERSION = YES_AGGRESSIVE;
				CLANG_CXX_LANGUAGE_STANDARD = "gnu++14";
				CLANG_CXX_LIBRARY = "libc++";
				CLANG_ENABLE_MODULES = YES;
				CLANG_ENABLE_OBJC_ARC = YES;
				CLANG_ENABLE_OBJC_WEAK = YES;
				CLANG_WARN_BLOCK_CAPTURE_AUTORELEASING = YES;
				CLANG_WARN_BOOL_CONVERSION = YES;
				CLANG_WARN_COMMA = YES;
				CLANG_WARN_CONSTANT_CONVERSION = YES;
				CLANG_WARN_DEPRECATED_OBJC_IMPLEMENTATIONS = YES;
				CLANG_WARN_DIRECT_OBJC_ISA_USAGE = YES_ERROR;
				CLANG_WARN_DOCUMENTATION_COMMENTS = YES;
				CLANG_WARN_EMPTY_BODY = YES;
				CLANG_WARN_ENUM_CONVERSION = YES;
				CLANG_WARN_INFINITE_RECURSION = YES;
				CLANG_WARN_INT_CONVERSION = YES;
				CLANG_WARN_NON_LITERAL_NULL_CONVERSION = YES;
				CLANG_WARN_OBJC_IMPLICIT_RETAIN_SELF = YES;
				CLANG_WARN_OBJC_LITERAL_CONVERSION = YES;
				CLANG_WARN_OBJC_ROOT_CLASS = YES_ERROR;
				CLANG_WARN_RANGE_LOOP_ANALYSIS = YES;
				CLANG_WARN_STRICT_PROTOTYPES = YES;
				CLANG_WARN_SUSPICIOUS_MOVE = YES;
				CLANG_WARN_UNGUARDED_AVAILABILITY = YES_AGGRESSIVE;
				CLANG_WARN_UNREACHABLE_CODE = YES;
				CLANG_WARN__DUPLICATE_METHOD_MATCH = YES;
				COPY_PHASE_STRIP = NO;
				DEBUG_INFORMATION_FORMAT = dwarf;
				ENABLE_STRICT_OBJC_MSGSEND = YES;
				ENABLE_TESTABILITY = YES;
				GCC_C_LANGUAGE_STANDARD = gnu11;
				GCC_DYNAMIC_NO_PIC = NO;
				GCC_NO_COMMON_BLOCKS = YES;
				GCC_OPTIMIZATION_LEVEL = 0;
				GCC_PREPROCESSOR_DEFINITIONS = (
					"DEBUG=1",
					"$(inherited)",
				);
				GCC_WARN_64_TO_32_BIT_CONVERSION = YES;
				GCC_WARN_ABOUT_RETURN_TYPE = YES_ERROR;
				GCC_WARN_UNDECLARED_SELECTOR = YES;
				GCC_WARN_UNINITIALIZED_AUTOS = YES_AGGRESSIVE;
				GCC_WARN_UNUSED_FUNCTION = YES;
				GCC_WARN_UNUSED_VARIABLE = YES;
				IPHONEOS_DEPLOYMENT_TARGET = 13.6;
				MTL_ENABLE_DEBUG_INFO = INCLUDE_SOURCE;
				MTL_FAST_MATH = YES;
				ONLY_ACTIVE_ARCH = YES;
				SDKROOT = iphoneos;
				SWIFT_ACTIVE_COMPILATION_CONDITIONS = DEBUG;
				SWIFT_OPTIMIZATION_LEVEL = "-Onone";
			};
			name = Debug;
		};
		DC5F923E24EA44E1001EDA3E /* Release */ = {
			isa = XCBuildConfiguration;
			buildSettings = {
				ALWAYS_SEARCH_USER_PATHS = NO;
				CLANG_ANALYZER_NONNULL = YES;
				CLANG_ANALYZER_NUMBER_OBJECT_CONVERSION = YES_AGGRESSIVE;
				CLANG_CXX_LANGUAGE_STANDARD = "gnu++14";
				CLANG_CXX_LIBRARY = "libc++";
				CLANG_ENABLE_MODULES = YES;
				CLANG_ENABLE_OBJC_ARC = YES;
				CLANG_ENABLE_OBJC_WEAK = YES;
				CLANG_WARN_BLOCK_CAPTURE_AUTORELEASING = YES;
				CLANG_WARN_BOOL_CONVERSION = YES;
				CLANG_WARN_COMMA = YES;
				CLANG_WARN_CONSTANT_CONVERSION = YES;
				CLANG_WARN_DEPRECATED_OBJC_IMPLEMENTATIONS = YES;
				CLANG_WARN_DIRECT_OBJC_ISA_USAGE = YES_ERROR;
				CLANG_WARN_DOCUMENTATION_COMMENTS = YES;
				CLANG_WARN_EMPTY_BODY = YES;
				CLANG_WARN_ENUM_CONVERSION = YES;
				CLANG_WARN_INFINITE_RECURSION = YES;
				CLANG_WARN_INT_CONVERSION = YES;
				CLANG_WARN_NON_LITERAL_NULL_CONVERSION = YES;
				CLANG_WARN_OBJC_IMPLICIT_RETAIN_SELF = YES;
				CLANG_WARN_OBJC_LITERAL_CONVERSION = YES;
				CLANG_WARN_OBJC_ROOT_CLASS = YES_ERROR;
				CLANG_WARN_RANGE_LOOP_ANALYSIS = YES;
				CLANG_WARN_STRICT_PROTOTYPES = YES;
				CLANG_WARN_SUSPICIOUS_MOVE = YES;
				CLANG_WARN_UNGUARDED_AVAILABILITY = YES_AGGRESSIVE;
				CLANG_WARN_UNREACHABLE_CODE = YES;
				CLANG_WARN__DUPLICATE_METHOD_MATCH = YES;
				COPY_PHASE_STRIP = NO;
				DEBUG_INFORMATION_FORMAT = "dwarf-with-dsym";
				ENABLE_NS_ASSERTIONS = NO;
				ENABLE_STRICT_OBJC_MSGSEND = YES;
				GCC_C_LANGUAGE_STANDARD = gnu11;
				GCC_NO_COMMON_BLOCKS = YES;
				GCC_WARN_64_TO_32_BIT_CONVERSION = YES;
				GCC_WARN_ABOUT_RETURN_TYPE = YES_ERROR;
				GCC_WARN_UNDECLARED_SELECTOR = YES;
				GCC_WARN_UNINITIALIZED_AUTOS = YES_AGGRESSIVE;
				GCC_WARN_UNUSED_FUNCTION = YES;
				GCC_WARN_UNUSED_VARIABLE = YES;
				IPHONEOS_DEPLOYMENT_TARGET = 13.6;
				MTL_ENABLE_DEBUG_INFO = NO;
				MTL_FAST_MATH = YES;
				SDKROOT = iphoneos;
				SWIFT_COMPILATION_MODE = wholemodule;
				SWIFT_OPTIMIZATION_LEVEL = "-O";
				VALIDATE_PRODUCT = YES;
			};
			name = Release;
		};
		DC5F924024EA44E1001EDA3E /* Debug */ = {
			isa = XCBuildConfiguration;
			buildSettings = {
				ASSETCATALOG_COMPILER_APPICON_NAME = AppIcon;
				CODE_SIGN_STYLE = Automatic;
				DEVELOPMENT_TEAM = 38YUUKPVKX;
				INFOPLIST_FILE = CustomKeyboardExample/Info.plist;
				LD_RUNPATH_SEARCH_PATHS = (
					"$(inherited)",
					"@executable_path/Frameworks",
				);
				PRODUCT_BUNDLE_IDENTIFIER = kr.CustomKeyboardExample.CustomKeyboardExample;
				PRODUCT_NAME = "$(TARGET_NAME)";
				SWIFT_VERSION = 5.0;
				TARGETED_DEVICE_FAMILY = "1,2";
			};
			name = Debug;
		};
		DC5F924124EA44E1001EDA3E /* Release */ = {
			isa = XCBuildConfiguration;
			buildSettings = {
				ASSETCATALOG_COMPILER_APPICON_NAME = AppIcon;
				CODE_SIGN_STYLE = Automatic;
				DEVELOPMENT_TEAM = 38YUUKPVKX;
				INFOPLIST_FILE = CustomKeyboardExample/Info.plist;
				LD_RUNPATH_SEARCH_PATHS = (
					"$(inherited)",
					"@executable_path/Frameworks",
				);
				PRODUCT_BUNDLE_IDENTIFIER = kr.CustomKeyboardExample.CustomKeyboardExample;
				PRODUCT_NAME = "$(TARGET_NAME)";
				SWIFT_VERSION = 5.0;
				TARGETED_DEVICE_FAMILY = "1,2";
			};
			name = Release;
		};
/* End XCBuildConfiguration section */

/* Begin XCConfigurationList section */
		DC5F922624EA44E0001EDA3E /* Build configuration list for PBXProject "CustomKeyboardExample" */ = {
			isa = XCConfigurationList;
			buildConfigurations = (
				DC5F923D24EA44E1001EDA3E /* Debug */,
				DC5F923E24EA44E1001EDA3E /* Release */,
			);
			defaultConfigurationIsVisible = 0;
			defaultConfigurationName = Release;
		};
		DC5F923F24EA44E1001EDA3E /* Build configuration list for PBXNativeTarget "CustomKeyboardExample" */ = {
			isa = XCConfigurationList;
			buildConfigurations = (
				DC5F924024EA44E1001EDA3E /* Debug */,
				DC5F924124EA44E1001EDA3E /* Release */,
			);
			defaultConfigurationIsVisible = 0;
			defaultConfigurationName = Release;
		};
/* End XCConfigurationList section */
	};
	rootObject = DC5F922324EA44E0001EDA3E /* Project object */;
}
